
Microsoft Visual Studio Solution File, Format Version 12.00
# Visual Studio Version 16
VisualStudioVersion = 16.0.30406.217
MinimumVisualStudioVersion = 10.0.40219.1
Project("{FAE04EC0-301F-11D3-BF4B-00C04F79EFBC}") = "MyFilmArchive", "MyFilmArchive.csproj", "{127CD101-8E77-4102-AA50-00C1EB4A57E7}"
EndProject
Global
	GlobalSection(SolutionConfigurationPlatforms) = preSolution
		Debug|Any CPU = Debug|Any CPU
		Release|Any CPU = Release|Any CPU
	EndGlobalSection
	GlobalSection(ProjectConfigurationPlatforms) = postSolution
		{127CD101-8E77-4102-AA50-00C1EB4A57E7}.Debug|Any CPU.ActiveCfg = Debug|Any CPU
		{127CD101-8E77-4102-AA50-00C1EB4A57E7}.Debug|Any CPU.Build.0 = Debug|Any CPU
		{127CD101-8E77-4102-AA50-00C1EB4A57E7}.Release|Any CPU.ActiveCfg = Release|Any CPU
		{127CD101-8E77-4102-AA50-00C1EB4A57E7}.Release|Any CPU.Build.0 = Release|Any CPU
	EndGlobalSection
	GlobalSection(SolutionProperties) = preSolution
		HideSolutionNode = FALSE
	EndGlobalSection
	GlobalSection(ExtensibilityGlobals) = postSolution
		SolutionGuid = {A2B898D5-A51D-427B-AE70-28042CB97F1A}
	EndGlobalSection
EndGlobal
